
Microsoft Visual Studio Solution File, Format Version 10.00
# Visual Studio 2008
Project("{FAE04EC0-301F-11D3-BF4B-00C04F79EFBC}") = "NiaSharpReader", "NiaSharpReader\NiaSharpReader.csproj", "{C38994D1-6A78-40D5-A32B-E7CEB0D06BD9}"
EndProject
Project("{FAE04EC0-301F-11D3-BF4B-00C04F79EFBC}") = "GenericHid", "GenericHid\GenericHid.csproj", "{0B98058B-3DFA-49DC-8C84-3261C4C0D2FC}"
EndProject
Global
	GlobalSection(SubversionScc) = preSolution
		Svn-Managed = True
		Manager = AnkhSVN - Subversion Support for Visual Studio
	EndGlobalSection
	GlobalSection(SolutionConfigurationPlatforms) = preSolution
		Debug|Any CPU = Debug|Any CPU
		Release|Any CPU = Release|Any CPU
	EndGlobalSection
	GlobalSection(ProjectConfigurationPlatforms) = postSolution
		{C38994D1-6A78-40D5-A32B-E7CEB0D06BD9}.Debug|Any CPU.ActiveCfg = Debug|Any CPU
		{C38994D1-6A78-40D5-A32B-E7CEB0D06BD9}.Debug|Any CPU.Build.0 = Debug|Any CPU
		{C38994D1-6A78-40D5-A32B-E7CEB0D06BD9}.Release|Any CPU.ActiveCfg = Release|Any CPU
		{C38994D1-6A78-40D5-A32B-E7CEB0D06BD9}.Release|Any CPU.Build.0 = Release|Any CPU
		{0B98058B-3DFA-49DC-8C84-3261C4C0D2FC}.Debug|Any CPU.ActiveCfg = Debug|Any CPU
		{0B98058B-3DFA-49DC-8C84-3261C4C0D2FC}.Debug|Any CPU.Build.0 = Debug|Any CPU
		{0B98058B-3DFA-49DC-8C84-3261C4C0D2FC}.Release|Any CPU.ActiveCfg = Release|Any CPU
		{0B98058B-3DFA-49DC-8C84-3261C4C0D2FC}.Release|Any CPU.Build.0 = Release|Any CPU
	EndGlobalSection
	GlobalSection(SolutionProperties) = preSolution
		HideSolutionNode = FALSE
	EndGlobalSection
EndGlobal
